PODS:
  - SlackTextViewController (1.9.5)
  - SWRevealViewController (2.3.0)
  - TwilioAccessManager (1.1.2)
  - TwilioChatClient (2.3.3)

DEPENDENCIES:
  - SlackTextViewController (~> 1.7)
  - SWRevealViewController (~> 2.3)
  - TwilioAccessManager (~> 1.1)
  - TwilioChatClient (~> 2.3)

SPEC REPOS:
  https://github.com/cocoapods/specs.git:
    - SlackTextViewController
    - SWRevealViewController
    - TwilioAccessManager
    - TwilioChatClient

SPEC CHECKSUMS:
  SlackTextViewController: fbcdadbb8090673f604484ff5b6eb8d77baed42a
  SWRevealViewController: 6d3fd97f70112fd7cef9de14df4260eacce4c63a
  TwilioAccessManager: f3b0d9edd2eb5a044e50ff78057ab13611a0baa1
  TwilioChatClient: 9e3562773da96cfd3f34b2112104ee76820f0ab3

PODFILE CHECKSUM: 3bd92675044fd13e1f630f984259cc9d5ed1c9de

COCOAPODS: 1.5.3
